
Microsoft Visual Studio Solution File, Format Version 11.00
# Visual Studio 2010
Project("{FAE04EC0-301F-11D3-BF4B-00C04F79EFBC}") = "FortuneCookie.PageTypeSecurityOverview", "src\FortuneCookie.PageTypeSecurityOverview.csproj", "{2799A7A4-A7BD-4974-9D0B-35BF4AD0A0B8}"
EndProject
Project("{2150E333-8FDC-42A3-9474-1A3956D46DE8}") = ".nuget", ".nuget", "{D2E4B072-A050-4982-BE22-FCB9AA081455}"
	ProjectSection(SolutionItems) = preProject
		packages\Releases\FortuneCookie.PageTypeSecurityOverview.nuspec = packages\Releases\FortuneCookie.PageTypeSecurityOverview.nuspec
		.nuget\NuGet.exe = .nuget\NuGet.exe
		.nuget\NuGet.targets = .nuget\NuGet.targets
		buildscripts\NugetPackage.proj = buildscripts\NugetPackage.proj
		packages\Releases\content\web.config.transform = packages\Releases\content\web.config.transform
	EndProjectSection
EndProject
Global
	GlobalSection(SolutionConfigurationPlatforms) = preSolution
		Debug|Any CPU = Debug|Any CPU
		Release|Any CPU = Release|Any CPU
	EndGlobalSection
	GlobalSection(ProjectConfigurationPlatforms) = postSolution
		{2799A7A4-A7BD-4974-9D0B-35BF4AD0A0B8}.Debug|Any CPU.ActiveCfg = Debug|Any CPU
		{2799A7A4-A7BD-4974-9D0B-35BF4AD0A0B8}.Debug|Any CPU.Build.0 = Debug|Any CPU
		{2799A7A4-A7BD-4974-9D0B-35BF4AD0A0B8}.Release|Any CPU.ActiveCfg = Release|Any CPU
		{2799A7A4-A7BD-4974-9D0B-35BF4AD0A0B8}.Release|Any CPU.Build.0 = Release|Any CPU
	EndGlobalSection
	GlobalSection(SolutionProperties) = preSolution
		HideSolutionNode = FALSE
	EndGlobalSection
EndGlobal
